// !$*UTF8*$!
{
	archiveVersion = 1;
	classes = {
	};
	objectVersion = 50;
	objects = {

/* Begin PBXBuildFile section */
		8008B7CCF727047533C28894 /* Pods_AppBoot.framework in Frameworks */ = {isa = PBXBuildFile; fileRef = 5224F6606FD416DCFC39D8D7 /* Pods_AppBoot.framework */; };
		BFD481A526D11D7900DCE780 /* AppDelegate.swift in Sources */ = {isa = PBXBuildFile; fileRef = BFD481A426D11D7900DCE780 /* AppDelegate.swift */; };
		BFD481A726D11D7900DCE780 /* SceneDelegate.swift in Sources */ = {isa = PBXBuildFile; fileRef = BFD481A626D11D7900DCE780 /* SceneDelegate.swift */; };
		BFD481A926D11D7900DCE780 /* ViewController.swift in Sources */ = {isa = PBXBuildFile; fileRef = BFD481A826D11D7900DCE780 /* ViewController.swift */; };
		BFD481AC26D11D7900DCE780 /* Main.storyboard in Resources */ = {isa = PBXBuildFile; fileRef = BFD481AA26D11D7900DCE780 /* Main.storyboard */; };
		BFD481AE26D11D7C00DCE780 /* Assets.xcassets in Resources */ = {isa = PBXBuildFile; fileRef = BFD481AD26D11D7C00DCE780 /* Assets.xcassets */; };
		BFD481B126D11D7C00DCE780 /* LaunchScreen.storyboard in Resources */ = {isa = PBXBuildFile; fileRef = BFD481AF26D11D7C00DCE780 /* LaunchScreen.storyboard */; };
		BFD481BB26D11DD300DCE780 /* Array+Snap.swift in Sources */ = {isa = PBXBuildFile; fileRef = BFD481BA26D11DD300DCE780 /* Array+Snap.swift */; };
/* End PBXBuildFile section */

/* Begin PBXFileReference section */
		380A06609C6B11D602693810 /* Pods-AppBoot.release.xcconfig */ = {isa = PBXFileReference; includeInIndex = 1; lastKnownFileType = text.xcconfig; name = "Pods-AppBoot.release.xcconfig"; path = "Target Support Files/Pods-AppBoot/Pods-AppBoot.release.xcconfig"; sourceTree = "<group>"; };
		5224F6606FD416DCFC39D8D7 /* Pods_AppBoot.framework */ = {isa = PBXFileReference; explicitFileType = wrapper.framework; includeInIndex = 0; path = Pods_AppBoot.framework; sourceTree = BUILT_PRODUCTS_DIR; };
		BFD481A126D11D7900DCE780 /* AppBoot.app */ = {isa = PBXFileReference; explicitFileType = wrapper.application; includeInIndex = 0; path = AppBoot.app; sourceTree = BUILT_PRODUCTS_DIR; };
		BFD481A426D11D7900DCE780 /* AppDelegate.swift */ = {isa = PBXFileReference; lastKnownFileType = sourcecode.swift; path = AppDelegate.swift; sourceTree = "<group>"; };
		BFD481A626D11D7900DCE780 /* SceneDelegate.swift */ = {isa = PBXFileReference; lastKnownFileType = sourcecode.swift; path = SceneDelegate.swift; sourceTree = "<group>"; };
		BFD481A826D11D7900DCE780 /* ViewController.swift */ = {isa = PBXFileReference; lastKnownFileType = sourcecode.swift; path = ViewController.swift; sourceTree = "<group>"; };
		BFD481AB26D11D7900DCE780 /* Base */ = {isa = PBXFileReference; lastKnownFileType = file.storyboard; name = Base; path = Base.lproj/Main.storyboard; sourceTree = "<group>"; };
		BFD481AD26D11D7C00DCE780 /* Assets.xcassets */ = {isa = PBXFileReference; lastKnownFileType = folder.assetcatalog; path = Assets.xcassets; sourceTree = "<group>"; };
		BFD481B026D11D7C00DCE780 /* Base */ = {isa = PBXFileReference; lastKnownFileType = file.storyboard; name = Base; path = Base.lproj/LaunchScreen.storyboard; sourceTree = "<group>"; };
		BFD481B226D11D7C00DCE780 /* Info.plist */ = {isa = PBXFileReference; lastKnownFileType = text.plist.xml; path = Info.plist; sourceTree = "<group>"; };
		BFD481BA26D11DD300DCE780 /* Array+Snap.swift */ = {isa = PBXFileReference; lastKnownFileType = sourcecode.swift; path = "Array+Snap.swift"; sourceTree = "<group>"; };
		F2CC3E7F9A04E1D7DAC2D530 /* Pods-AppBoot.debug.xcconfig */ = {isa = PBXFileReference; includeInIndex = 1; lastKnownFileType = text.xcconfig; name = "Pods-AppBoot.debug.xcconfig"; path = "Target Support Files/Pods-AppBoot/Pods-AppBoot.debug.xcconfig"; sourceTree = "<group>"; };
/* End PBXFileReference section */

/* Begin PBXFrameworksBuildPhase section */
		BFD4819E26D11D7900DCE780 /* Frameworks */ = {
			isa = PBXFrameworksBuildPhase;
			buildActionMask = 2147483647;
			files = (
				8008B7CCF727047533C28894 /* Pods_AppBoot.framework in Frameworks */,
			);
			runOnlyForDeploymentPostprocessing = 0;
		};
/* End PBXFrameworksBuildPhase section */

/* Begin PBXGroup section */
		1B803484B6AAFA2567FE7ADC /* Pods */ = {
			isa = PBXGroup;
			children = (
				F2CC3E7F9A04E1D7DAC2D530 /* Pods-AppBoot.debug.xcconfig */,
				380A06609C6B11D602693810 /* Pods-AppBoot.release.xcconfig */,
			);
			path = Pods;
			sourceTree = "<group>";
		};
		B6153787ADBED30194E322F6 /* Frameworks */ = {
			isa = PBXGroup;
			children = (
				5224F6606FD416DCFC39D8D7 /* Pods_AppBoot.framework */,
			);
			name = Frameworks;
			sourceTree = "<group>";
		};
		BFD4819826D11D7900DCE780 = {
			isa = PBXGroup;
			children = (
				BFD481A326D11D7900DCE780 /* AppBoot */,
				BFD481A226D11D7900DCE780 /* Products */,
				1B803484B6AAFA2567FE7ADC /* Pods */,
				B6153787ADBED30194E322F6 /* Frameworks */,
			);
			sourceTree = "<group>";
		};
		BFD481A226D11D7900DCE780 /* Products */ = {
			isa = PBXGroup;
			children = (
				BFD481A126D11D7900DCE780 /* AppBoot.app */,
			);
			name = Products;
			sourceTree = "<group>";
		};
		BFD481A326D11D7900DCE780 /* AppBoot */ = {
			isa = PBXGroup;
			children = (
				BFD481B826D11DA300DCE780 /* Sources */,
				BFD481A426D11D7900DCE780 /* AppDelegate.swift */,
				BFD481A626D11D7900DCE780 /* SceneDelegate.swift */,
				BFD481A826D11D7900DCE780 /* ViewController.swift */,
				BFD481AA26D11D7900DCE780 /* Main.storyboard */,
				BFD481AD26D11D7C00DCE780 /* Assets.xcassets */,
				BFD481AF26D11D7C00DCE780 /* LaunchScreen.storyboard */,
				BFD481B226D11D7C00DCE780 /* Info.plist */,
			);
			path = AppBoot;
			sourceTree = "<group>";
		};
		BFD481B826D11DA300DCE780 /* Sources */ = {
			isa = PBXGroup;
			children = (
				BFD481B926D11DB100DCE780 /* Venders */,
			);
			path = Sources;
			sourceTree = "<group>";
		};
		BFD481B926D11DB100DCE780 /* Venders */ = {
			isa = PBXGroup;
			children = (
				BFD481BA26D11DD300DCE780 /* Array+Snap.swift */,
			);
			path = Venders;
			sourceTree = "<group>";
		};
/* End PBXGroup section */

/* Begin PBXNativeTarget section */
		BFD481A026D11D7900DCE780 /* AppBoot */ = {
			isa = PBXNativeTarget;
			buildConfigurationList = BFD481B526D11D7C00DCE780 /* Build configuration list for PBXNativeTarget "AppBoot" */;
			buildPhases = (
				6774ACC6DFE77190BB054A0B /* [CP] Check Pods Manifest.lock */,
				BFD4819D26D11D7900DCE780 /* Sources */,
				BFD4819E26D11D7900DCE780 /* Frameworks */,
				BFD4819F26D11D7900DCE780 /* Resources */,
				E837213CD5CF0AA49E99C323 /* [CP] Embed Pods Frameworks */,
			);
			buildRules = (
			);
			dependencies = (
			);
			name = AppBoot;
			productName = AppBoot;
			productReference = BFD481A126D11D7900DCE780 /* AppBoot.app */;
			productType = "com.apple.product-type.application";
		};
/* End PBXNativeTarget section */

/* Begin PBXProject section */
		BFD4819926D11D7900DCE780 /* Project object */ = {
			isa = PBXProject;
			attributes = {
				LastSwiftUpdateCheck = 1250;
				LastUpgradeCheck = 1250;
				TargetAttributes = {
					BFD481A026D11D7900DCE780 = {
						CreatedOnToolsVersion = 12.5.1;
					};
				};
			};
			buildConfigurationList = BFD4819C26D11D7900DCE780 /* Build configuration list for PBXProject "AppBoot" */;
			compatibilityVersion = "Xcode 9.3";
			developmentRegion = en;
			hasScannedForEncodings = 0;
			knownRegions = (
				en,
				Base,
			);
			mainGroup = BFD4819826D11D7900DCE780;
			productRefGroup = BFD481A226D11D7900DCE780 /* Products */;
			projectDirPath = "";
			projectRoot = "";
			targets = (
				BFD481A026D11D7900DCE780 /* AppBoot */,
			);
		};
/* End PBXProject section */

/* Begin PBXResourcesBuildPhase section */
		BFD4819F26D11D7900DCE780 /* Resources */ = {
			isa = PBXResourcesBuildPhase;
			buildActionMask = 2147483647;
			files = (
				BFD481B126D11D7C00DCE780 /* LaunchScreen.storyboard in Resources */,
				BFD481AE26D11D7C00DCE780 /* Assets.xcassets in Resources */,
				BFD481AC26D11D7900DCE780 /* Main.storyboard in Resources */,
			);
			runOnlyForDeploymentPostprocessing = 0;
		};
/* End PBXResourcesBuildPhase section */

/* Begin PBXShellScriptBuildPhase section */
		6774ACC6DFE77190BB054A0B /* [CP] Check Pods Manifest.lock */ = {
			isa = PBXShellScriptBuildPhase;
			buildActionMask = 2147483647;
			files = (
			);
			inputFileListPaths = (
			);
			inputPaths = (
				"${PODS_PODFILE_DIR_PATH}/Podfile.lock",
				"${PODS_ROOT}/Manifest.lock",
			);
			name = "[CP] Check Pods Manifest.lock";
			outputFileListPaths = (
			);
			outputPaths = (
				"$(DERIVED_FILE_DIR)/Pods-AppBoot-checkManifestLockResult.txt",
			);
			runOnlyForDeploymentPostprocessing = 0;
			shellPath = /bin/sh;
			shellScript = "diff \"${PODS_PODFILE_DIR_PATH}/Podfile.lock\" \"${PODS_ROOT}/Manifest.lock\" > /dev/null\nif [ $? != 0 ] ; then\n    # print error to STDERR\n    echo \"error: The sandbox is not in sync with the Podfile.lock. Run 'pod install' or update your CocoaPods installation.\" >&2\n    exit 1\nfi\n# This output is used by Xcode 'outputs' to avoid re-running this script phase.\necho \"SUCCESS\" > \"${SCRIPT_OUTPUT_FILE_0}\"\n";
			showEnvVarsInLog = 0;
		};
		E837213CD5CF0AA49E99C323 /* [CP] Embed Pods Frameworks */ = {
			isa = PBXShellScriptBuildPhase;
			buildActionMask = 2147483647;
			files = (
			);
			inputFileListPaths = (
				"${PODS_ROOT}/Target Support Files/Pods-AppBoot/Pods-AppBoot-frameworks-${CONFIGURATION}-input-files.xcfilelist",
			);
			name = "[CP] Embed Pods Frameworks";
			outputFileListPaths = (
				"${PODS_ROOT}/Target Support Files/Pods-AppBoot/Pods-AppBoot-frameworks-${CONFIGURATION}-output-files.xcfilelist",
			);
			runOnlyForDeploymentPostprocessing = 0;
			shellPath = /bin/sh;
			shellScript = "\"${PODS_ROOT}/Target Support Files/Pods-AppBoot/Pods-AppBoot-frameworks.sh\"\n";
			showEnvVarsInLog = 0;
		};
/* End PBXShellScriptBuildPhase section */

/* Begin PBXSourcesBuildPhase section */
		BFD4819D26D11D7900DCE780 /* Sources */ = {
			isa = PBXSourcesBuildPhase;
			buildActionMask = 2147483647;
			files = (
				BFD481A926D11D7900DCE780 /* ViewController.swift in Sources */,
				BFD481A526D11D7900DCE780 /* AppDelegate.swift in Sources */,
				BFD481A726D11D7900DCE780 /* SceneDelegate.swift in Sources */,
				BFD481BB26D11DD300DCE780 /* Array+Snap.swift in Sources */,
			);
			runOnlyForDeploymentPostprocessing = 0;
		};
/* End PBXSourcesBuildPhase section */

/* Begin PBXVariantGroup section */
		BFD481AA26D11D7900DCE780 /* Main.storyboard */ = {
			isa = PBXVariantGroup;
			children = (
				BFD481AB26D11D7900DCE780 /* Base */,
			);
			name = Main.storyboard;
			sourceTree = "<group>";
		};
		BFD481AF26D11D7C00DCE780 /* LaunchScreen.storyboard */ = {
			isa = PBXVariantGroup;
			children = (
				BFD481B026D11D7C00DCE780 /* Base */,
			);
			name = LaunchScreen.storyboard;
			sourceTree = "<group>";
		};
/* End PBXVariantGroup section */

/* Begin XCBuildConfiguration section */
		BFD481B326D11D7C00DCE780 /* Debug */ = {
			isa = XCBuildConfiguration;
			buildSettings = {
				ALWAYS_SEARCH_USER_PATHS = NO;
				CLANG_ANALYZER_NONNULL = YES;
				CLANG_ANALYZER_NUMBER_OBJECT_CONVERSION = YES_AGGRESSIVE;
				CLANG_CXX_LANGUAGE_STANDARD = "gnu++14";
				CLANG_CXX_LIBRARY = "libc++";
				CLANG_ENABLE_MODULES = YES;
				CLANG_ENABLE_OBJC_ARC = YES;
				CLANG_ENABLE_OBJC_WEAK = YES;
				CLANG_WARN_BLOCK_CAPTURE_AUTORELEASING = YES;
				CLANG_WARN_BOOL_CONVERSION = YES;
				CLANG_WARN_COMMA = YES;
				CLANG_WARN_CONSTANT_CONVERSION = YES;
				CLANG_WARN_DEPRECATED_OBJC_IMPLEMENTATIONS = YES;
				CLANG_WARN_DIRECT_OBJC_ISA_USAGE = YES_ERROR;
				CLANG_WARN_DOCUMENTATION_COMMENTS = YES;
				CLANG_WARN_EMPTY_BODY = YES;
				CLANG_WARN_ENUM_CONVERSION = YES;
				CLANG_WARN_INFINITE_RECURSION = YES;
				CLANG_WARN_INT_CONVERSION = YES;
				CLANG_WARN_NON_LITERAL_NULL_CONVERSION = YES;
				CLANG_WARN_OBJC_IMPLICIT_RETAIN_SELF = YES;
				CLANG_WARN_OBJC_LITERAL_CONVERSION = YES;
				CLANG_WARN_OBJC_ROOT_CLASS = YES_ERROR;
				CLANG_WARN_QUOTED_INCLUDE_IN_FRAMEWORK_HEADER = YES;
				CLANG_WARN_RANGE_LOOP_ANALYSIS = YES;
				CLANG_WARN_STRICT_PROTOTYPES = YES;
				CLANG_WARN_SUSPICIOUS_MOVE = YES;
				CLANG_WARN_UNGUARDED_AVAILABILITY = YES_AGGRESSIVE;
				CLANG_WARN_UNREACHABLE_CODE = YES;
				CLANG_WARN__DUPLICATE_METHOD_MATCH = YES;
				COPY_PHASE_STRIP = NO;
				DEBUG_INFORMATION_FORMAT = dwarf;
				ENABLE_STRICT_OBJC_MSGSEND = YES;
				ENABLE_TESTABILITY = YES;
				GCC_C_LANGUAGE_STANDARD = gnu11;
				GCC_DYNAMIC_NO_PIC = NO;
				GCC_NO_COMMON_BLOCKS = YES;
				GCC_OPTIMIZATION_LEVEL = 0;
				GCC_PREPROCESSOR_DEFINITIONS = (
					"DEBUG=1",
					"$(inherited)",
				);
				GCC_WARN_64_TO_32_BIT_CONVERSION = YES;
				GCC_WARN_ABOUT_RETURN_TYPE = YES_ERROR;
				GCC_WARN_UNDECLARED_SELECTOR = YES;
				GCC_WARN_UNINITIALIZED_AUTOS = YES_AGGRESSIVE;
				GCC_WARN_UNUSED_FUNCTION = YES;
				GCC_WARN_UNUSED_VARIABLE = YES;
				IPHONEOS_DEPLOYMENT_TARGET = 14.5;
				MTL_ENABLE_DEBUG_INFO = INCLUDE_SOURCE;
				MTL_FAST_MATH = YES;
				ONLY_ACTIVE_ARCH = YES;
				SDKROOT = iphoneos;
				SWIFT_ACTIVE_COMPILATION_CONDITIONS = DEBUG;
				SWIFT_OPTIMIZATION_LEVEL = "-Onone";
			};
			name = Debug;
		};
		BFD481B426D11D7C00DCE780 /* Release */ = {
			isa = XCBuildConfiguration;
			buildSettings = {
				ALWAYS_SEARCH_USER_PATHS = NO;
				CLANG_ANALYZER_NONNULL = YES;
				CLANG_ANALYZER_NUMBER_OBJECT_CONVERSION = YES_AGGRESSIVE;
				CLANG_CXX_LANGUAGE_STANDARD = "gnu++14";
				CLANG_CXX_LIBRARY = "libc++";
				CLANG_ENABLE_MODULES = YES;
				CLANG_ENABLE_OBJC_ARC = YES;
				CLANG_ENABLE_OBJC_WEAK = YES;
				CLANG_WARN_BLOCK_CAPTURE_AUTORELEASING = YES;
				CLANG_WARN_BOOL_CONVERSION = YES;
				CLANG_WARN_COMMA = YES;
				CLANG_WARN_CONSTANT_CONVERSION = YES;
				CLANG_WARN_DEPRECATED_OBJC_IMPLEMENTATIONS = YES;
				CLANG_WARN_DIRECT_OBJC_ISA_USAGE = YES_ERROR;
				CLANG_WARN_DOCUMENTATION_COMMENTS = YES;
				CLANG_WARN_EMPTY_BODY = YES;
				CLANG_WARN_ENUM_CONVERSION = YES;
				CLANG_WARN_INFINITE_RECURSION = YES;
				CLANG_WARN_INT_CONVERSION = YES;
				CLANG_WARN_NON_LITERAL_NULL_CONVERSION = YES;
				CLANG_WARN_OBJC_IMPLICIT_RETAIN_SELF = YES;
				CLANG_WARN_OBJC_LITERAL_CONVERSION = YES;
				CLANG_WARN_OBJC_ROOT_CLASS = YES_ERROR;
				CLANG_WARN_QUOTED_INCLUDE_IN_FRAMEWORK_HEADER = YES;
				CLANG_WARN_RANGE_LOOP_ANALYSIS = YES;
				CLANG_WARN_STRICT_PROTOTYPES = YES;
				CLANG_WARN_SUSPICIOUS_MOVE = YES;
				CLANG_WARN_UNGUARDED_AVAILABILITY = YES_AGGRESSIVE;
				CLANG_WARN_UNREACHABLE_CODE = YES;
				CLANG_WARN__DUPLICATE_METHOD_MATCH = YES;
				COPY_PHASE_STRIP = NO;
				DEBUG_INFORMATION_FORMAT = "dwarf-with-dsym";
				ENABLE_NS_ASSERTIONS = NO;
				ENABLE_STRICT_OBJC_MSGSEND = YES;
				GCC_C_LANGUAGE_STANDARD = gnu11;
				GCC_NO_COMMON_BLOCKS = YES;
				GCC_WARN_64_TO_32_BIT_CONVERSION = YES;
				GCC_WARN_ABOUT_RETURN_TYPE = YES_ERROR;
				GCC_WARN_UNDECLARED_SELECTOR = YES;
				GCC_WARN_UNINITIALIZED_AUTOS = YES_AGGRESSIVE;
				GCC_WARN_UNUSED_FUNCTION = YES;
				GCC_WARN_UNUSED_VARIABLE = YES;
				IPHONEOS_DEPLOYMENT_TARGET = 14.5;
				MTL_ENABLE_DEBUG_INFO = NO;
				MTL_FAST_MATH = YES;
				SDKROOT = iphoneos;
				SWIFT_COMPILATION_MODE = wholemodule;
				SWIFT_OPTIMIZATION_LEVEL = "-O";
				VALIDATE_PRODUCT = YES;
			};
			name = Release;
		};
		BFD481B626D11D7C00DCE780 /* Debug */ = {
			isa = XCBuildConfiguration;
			baseConfigurationReference = F2CC3E7F9A04E1D7DAC2D530 /* Pods-AppBoot.debug.xcconfig */;
			buildSettings = {
				ASSETCATALOG_COMPILER_APPICON_NAME = AppIcon;
				ASSETCATALOG_COMPILER_GLOBAL_ACCENT_COLOR_NAME = AccentColor;
				CODE_SIGN_STYLE = Automatic;
				INFOPLIST_FILE = AppBoot/Info.plist;
				LD_RUNPATH_SEARCH_PATHS = (
					"$(inherited)",
					"@executable_path/Frameworks",
				);
				PRODUCT_BUNDLE_IDENTIFIER = bootkit.com.AppBoot;
				PRODUCT_NAME = "$(TARGET_NAME)";
				SWIFT_VERSION = 5.0;
				TARGETED_DEVICE_FAMILY = "1,2";
			};
			name = Debug;
		};
		BFD481B726D11D7C00DCE780 /* Release */ = {
			isa = XCBuildConfiguration;
			baseConfigurationReference = 380A06609C6B11D602693810 /* Pods-AppBoot.release.xcconfig */;
			buildSettings = {
				ASSETCATALOG_COMPILER_APPICON_NAME = AppIcon;
				ASSETCATALOG_COMPILER_GLOBAL_ACCENT_COLOR_NAME = AccentColor;
				CODE_SIGN_STYLE = Automatic;
				INFOPLIST_FILE = AppBoot/Info.plist;
				LD_RUNPATH_SEARCH_PATHS = (
					"$(inherited)",
					"@executable_path/Frameworks",
				);
				PRODUCT_BUNDLE_IDENTIFIER = bootkit.com.AppBoot;
				PRODUCT_NAME = "$(TARGET_NAME)";
				SWIFT_VERSION = 5.0;
				TARGETED_DEVICE_FAMILY = "1,2";
			};
			name = Release;
		};
/* End XCBuildConfiguration section */

/* Begin XCConfigurationList section */
		BFD4819C26D11D7900DCE780 /* Build configuration list for PBXProject "AppBoot" */ = {
			isa = XCConfigurationList;
			buildConfigurations = (
				BFD481B326D11D7C00DCE780 /* Debug */,
				BFD481B426D11D7C00DCE780 /* Release */,
			);
			defaultConfigurationIsVisible = 0;
			defaultConfigurationName = Release;
		};
		BFD481B526D11D7C00DCE780 /* Build configuration list for PBXNativeTarget "AppBoot" */ = {
			isa = XCConfigurationList;
			buildConfigurations = (
				BFD481B626D11D7C00DCE780 /* Debug */,
				BFD481B726D11D7C00DCE780 /* Release */,
			);
			defaultConfigurationIsVisible = 0;
			defaultConfigurationName = Release;
		};
/* End XCConfigurationList section */
	};
	rootObject = BFD4819926D11D7900DCE780 /* Project object */;
}
